Microsoft Visual Studio Solution File, Format Version 11.00
# Visual Studio 2008

Project("{195EE199-C9B6-C50A-C7BD-CE0E52BF649C}") = "FirstUnity", "Assembly-CSharp.csproj", "{67E054BE-CA9A-C649-F293-E40AFF18337F}"
EndProject
Global
	GlobalSection(SolutionConfigurationPlatforms) = preSolution
		Debug|Any CPU = Debug|Any CPU
		Release|Any CPU = Release|Any CPU
	EndGlobalSection
	GlobalSection(ProjectConfigurationPlatforms) = postSolution
		{67E054BE-CA9A-C649-F293-E40AFF18337F}.Debug|Any CPU.ActiveCfg = Debug|Any CPU
		{67E054BE-CA9A-C649-F293-E40AFF18337F}.Debug|Any CPU.Build.0 = Debug|Any CPU
		{67E054BE-CA9A-C649-F293-E40AFF18337F}.Release|Any CPU.ActiveCfg = Release|Any CPU
		{67E054BE-CA9A-C649-F293-E40AFF18337F}.Release|Any CPU.Build.0 = Release|Any CPU
	EndGlobalSection
	GlobalSection(SolutionProperties) = preSolution
		HideSolutionNode = FALSE
	EndGlobalSection
	GlobalSection(MonoDevelopProperties) = preSolution
		StartupItem = Assembly-CSharp.csproj
	EndGlobalSection
EndGlobal
